
Microsoft Visual Studio Solution File, Format Version 12.00
# Visual Studio Version 17
VisualStudioVersion = 17.3.32929.385
MinimumVisualStudioVersion = 10.0.40219.1
Project("{FAE04EC0-301F-11D3-BF4B-00C04F79EFBC}") = "Gy02", "Gy02\Gy02.csproj", "{03390637-EEF1-48F2-99DE-256E3A169B58}"
EndProject
Project("{2150E333-8FDC-42A3-9474-1A3956D46DE8}") = "通讯层", "通讯层", "{75C81597-8B53-450D-82BA-445BBBA77D10}"
EndProject
Project("{2150E333-8FDC-42A3-9474-1A3956D46DE8}") = "数据层", "数据层", "{2EE9B8A3-CCF2-4322-BACC-7E38151146C8}"
EndProject
Project("{2150E333-8FDC-42A3-9474-1A3956D46DE8}") = "逻辑层", "逻辑层", "{302C020C-1FAB-4814-99C9-60FE958B069F}"
EndProject
Global
	GlobalSection(SolutionConfigurationPlatforms) = preSolution
		Debug|Any CPU = Debug|Any CPU
		Release|Any CPU = Release|Any CPU
	EndGlobalSection
	GlobalSection(ProjectConfigurationPlatforms) = postSolution
		{03390637-EEF1-48F2-99DE-256E3A169B58}.Debug|Any CPU.ActiveCfg = Debug|Any CPU
		{03390637-EEF1-48F2-99DE-256E3A169B58}.Debug|Any CPU.Build.0 = Debug|Any CPU
		{03390637-EEF1-48F2-99DE-256E3A169B58}.Release|Any CPU.ActiveCfg = Release|Any CPU
		{03390637-EEF1-48F2-99DE-256E3A169B58}.Release|Any CPU.Build.0 = Release|Any CPU
	EndGlobalSection
	GlobalSection(SolutionProperties) = preSolution
		HideSolutionNode = FALSE
	EndGlobalSection
	GlobalSection(NestedProjects) = preSolution
		{03390637-EEF1-48F2-99DE-256E3A169B58} = {75C81597-8B53-450D-82BA-445BBBA77D10}
	EndGlobalSection
	GlobalSection(ExtensibilityGlobals) = postSolution
		SolutionGuid = {BA262253-6F3C-4B0D-8BB4-363E65DDC63E}
	EndGlobalSection
EndGlobal
