
Microsoft Visual Studio Solution File, Format Version 12.00
# Visual Studio Version 17
VisualStudioVersion = 17.3.32929.385
MinimumVisualStudioVersion = 10.0.40219.1
Project("{9A19103F-16F7-4668-BE54-9A1E7A4F7556}") = "Gy02", "Gy02\Gy02.csproj", "{03390637-EEF1-48F2-99DE-256E3A169B58}"
EndProject
Project("{2150E333-8FDC-42A3-9474-1A3956D46DE8}") = "通讯层", "通讯层", "{75C81597-8B53-450D-82BA-445BBBA77D10}"
EndProject
Project("{2150E333-8FDC-42A3-9474-1A3956D46DE8}") = "数据层", "数据层", "{2EE9B8A3-CCF2-4322-BACC-7E38151146C8}"
EndProject
Project("{2150E333-8FDC-42A3-9474-1A3956D46DE8}") = "逻辑层", "逻辑层", "{302C020C-1FAB-4814-99C9-60FE958B069F}"
EndProject
Project("{2150E333-8FDC-42A3-9474-1A3956D46DE8}") = "解决方案项", "解决方案项", "{3B681EF3-1D10-4FFA-B406-6A7923B7C2D8}"
	ProjectSection(SolutionItems) = preProject
		Graph1.dgml = Graph1.dgml
		Notes.txt = Notes.txt
		部署说明.txt = 部署说明.txt
	EndProjectSection
EndProject
Project("{2150E333-8FDC-42A3-9474-1A3956D46DE8}") = "基础支持", "基础支持", "{D5FDFE49-F245-4E56-95DA-64D0FF750423}"
EndProject
Project("{9A19103F-16F7-4668-BE54-9A1E7A4F7556}") = "OwBaseCore", "OwBaseCore\OwBaseCore.csproj", "{8EAB2BC7-F7FF-4199-94CB-05FB3A45A0A8}"
EndProject
Project("{9A19103F-16F7-4668-BE54-9A1E7A4F7556}") = "TemplateDb", "TemplateDb\TemplateDb.csproj", "{E7AFF75A-E417-4DFE-80E9-ADC1F988B066}"
EndProject
Project("{9A19103F-16F7-4668-BE54-9A1E7A4F7556}") = "OwGameBase", "OwGameBase\OwGameBase.csproj", "{E01FEEE7-8FEC-4A08-BD16-95E4060F8687}"
EndProject
Project("{9A19103F-16F7-4668-BE54-9A1E7A4F7556}") = "Gy02Bll", "Gy02Bll\Gy02Bll.csproj", "{034E845B-4E0F-4E3D-84BC-3566B9382119}"
EndProject
Project("{9A19103F-16F7-4668-BE54-9A1E7A4F7556}") = "OwGameCore", "OwGameCore\OwGameCore.csproj", "{042C0BFA-538B-4F9F-BBCB-BDFAF218A021}"
EndProject
Project("{9A19103F-16F7-4668-BE54-9A1E7A4F7556}") = "UserDb", "UserDb\UserDb.csproj", "{C7B2394D-4A1D-4052-B50D-33554E5AF35A}"
EndProject
Project("{9A19103F-16F7-4668-BE54-9A1E7A4F7556}") = "OwGameDb", "OwGameDb\OwGameDb.csproj", "{382A9DC6-D932-4965-9697-A4916FC730E5}"
EndProject
Project("{9A19103F-16F7-4668-BE54-9A1E7A4F7556}") = "OwDbBase", "OwDbBase\OwDbBase.csproj", "{F5A5432D-2FDC-4FA0-ADD9-A43B28DCDFCC}"
EndProject
Project("{9A19103F-16F7-4668-BE54-9A1E7A4F7556}") = "Gy02Publisher", "Gy02Publisher\Gy02Publisher.csproj", "{1A9F52C4-5AC1-4306-9828-6087D08C1578}"
EndProject
Project("{FAE04EC0-301F-11D3-BF4B-00C04F79EFBC}") = "Gy001Tools", "Gy001Tools\Gy001Tools.csproj", "{C2D1831F-5FF5-41A0-91E6-88370A7DF2E4}"
EndProject
Global
	GlobalSection(SolutionConfigurationPlatforms) = preSolution
		Debug|Any CPU = Debug|Any CPU
		Release|Any CPU = Release|Any CPU
	EndGlobalSection
	GlobalSection(ProjectConfigurationPlatforms) = postSolution
		{03390637-EEF1-48F2-99DE-256E3A169B58}.Debug|Any CPU.ActiveCfg = Debug|Any CPU
		{03390637-EEF1-48F2-99DE-256E3A169B58}.Debug|Any CPU.Build.0 = Debug|Any CPU
		{03390637-EEF1-48F2-99DE-256E3A169B58}.Release|Any CPU.ActiveCfg = Release|Any CPU
		{03390637-EEF1-48F2-99DE-256E3A169B58}.Release|Any CPU.Build.0 = Release|Any CPU
		{8EAB2BC7-F7FF-4199-94CB-05FB3A45A0A8}.Debug|Any CPU.ActiveCfg = Debug|Any CPU
		{8EAB2BC7-F7FF-4199-94CB-05FB3A45A0A8}.Debug|Any CPU.Build.0 = Debug|Any CPU
		{8EAB2BC7-F7FF-4199-94CB-05FB3A45A0A8}.Release|Any CPU.ActiveCfg = Release|Any CPU
		{8EAB2BC7-F7FF-4199-94CB-05FB3A45A0A8}.Release|Any CPU.Build.0 = Release|Any CPU
		{E7AFF75A-E417-4DFE-80E9-ADC1F988B066}.Debug|Any CPU.ActiveCfg = Debug|Any CPU
		{E7AFF75A-E417-4DFE-80E9-ADC1F988B066}.Debug|Any CPU.Build.0 = Debug|Any CPU
		{E7AFF75A-E417-4DFE-80E9-ADC1F988B066}.Release|Any CPU.ActiveCfg = Release|Any CPU
		{E7AFF75A-E417-4DFE-80E9-ADC1F988B066}.Release|Any CPU.Build.0 = Release|Any CPU
		{E01FEEE7-8FEC-4A08-BD16-95E4060F8687}.Debug|Any CPU.ActiveCfg = Debug|Any CPU
		{E01FEEE7-8FEC-4A08-BD16-95E4060F8687}.Debug|Any CPU.Build.0 = Debug|Any CPU
		{E01FEEE7-8FEC-4A08-BD16-95E4060F8687}.Release|Any CPU.ActiveCfg = Release|Any CPU
		{E01FEEE7-8FEC-4A08-BD16-95E4060F8687}.Release|Any CPU.Build.0 = Release|Any CPU
		{034E845B-4E0F-4E3D-84BC-3566B9382119}.Debug|Any CPU.ActiveCfg = Debug|Any CPU
		{034E845B-4E0F-4E3D-84BC-3566B9382119}.Debug|Any CPU.Build.0 = Debug|Any CPU
		{034E845B-4E0F-4E3D-84BC-3566B9382119}.Release|Any CPU.ActiveCfg = Release|Any CPU
		{034E845B-4E0F-4E3D-84BC-3566B9382119}.Release|Any CPU.Build.0 = Release|Any CPU
		{042C0BFA-538B-4F9F-BBCB-BDFAF218A021}.Debug|Any CPU.ActiveCfg = Debug|Any CPU
		{042C0BFA-538B-4F9F-BBCB-BDFAF218A021}.Debug|Any CPU.Build.0 = Debug|Any CPU
		{042C0BFA-538B-4F9F-BBCB-BDFAF218A021}.Release|Any CPU.ActiveCfg = Release|Any CPU
		{042C0BFA-538B-4F9F-BBCB-BDFAF218A021}.Release|Any CPU.Build.0 = Release|Any CPU
		{C7B2394D-4A1D-4052-B50D-33554E5AF35A}.Debug|Any CPU.ActiveCfg = Debug|Any CPU
		{C7B2394D-4A1D-4052-B50D-33554E5AF35A}.Debug|Any CPU.Build.0 = Debug|Any CPU
		{C7B2394D-4A1D-4052-B50D-33554E5AF35A}.Release|Any CPU.ActiveCfg = Release|Any CPU
		{C7B2394D-4A1D-4052-B50D-33554E5AF35A}.Release|Any CPU.Build.0 = Release|Any CPU
		{382A9DC6-D932-4965-9697-A4916FC730E5}.Debug|Any CPU.ActiveCfg = Debug|Any CPU
		{382A9DC6-D932-4965-9697-A4916FC730E5}.Debug|Any CPU.Build.0 = Debug|Any CPU
		{382A9DC6-D932-4965-9697-A4916FC730E5}.Release|Any CPU.ActiveCfg = Release|Any CPU
		{382A9DC6-D932-4965-9697-A4916FC730E5}.Release|Any CPU.Build.0 = Release|Any CPU
		{F5A5432D-2FDC-4FA0-ADD9-A43B28DCDFCC}.Debug|Any CPU.ActiveCfg = Debug|Any CPU
		{F5A5432D-2FDC-4FA0-ADD9-A43B28DCDFCC}.Debug|Any CPU.Build.0 = Debug|Any CPU
		{F5A5432D-2FDC-4FA0-ADD9-A43B28DCDFCC}.Release|Any CPU.ActiveCfg = Release|Any CPU
		{F5A5432D-2FDC-4FA0-ADD9-A43B28DCDFCC}.Release|Any CPU.Build.0 = Release|Any CPU
		{1A9F52C4-5AC1-4306-9828-6087D08C1578}.Debug|Any CPU.ActiveCfg = Debug|Any CPU
		{1A9F52C4-5AC1-4306-9828-6087D08C1578}.Debug|Any CPU.Build.0 = Debug|Any CPU
		{1A9F52C4-5AC1-4306-9828-6087D08C1578}.Release|Any CPU.ActiveCfg = Release|Any CPU
		{1A9F52C4-5AC1-4306-9828-6087D08C1578}.Release|Any CPU.Build.0 = Release|Any CPU
		{C2D1831F-5FF5-41A0-91E6-88370A7DF2E4}.Debug|Any CPU.ActiveCfg = Debug|Any CPU
		{C2D1831F-5FF5-41A0-91E6-88370A7DF2E4}.Debug|Any CPU.Build.0 = Debug|Any CPU
		{C2D1831F-5FF5-41A0-91E6-88370A7DF2E4}.Release|Any CPU.ActiveCfg = Release|Any CPU
		{C2D1831F-5FF5-41A0-91E6-88370A7DF2E4}.Release|Any CPU.Build.0 = Release|Any CPU
	EndGlobalSection
	GlobalSection(SolutionProperties) = preSolution
		HideSolutionNode = FALSE
	EndGlobalSection
	GlobalSection(NestedProjects) = preSolution
		{03390637-EEF1-48F2-99DE-256E3A169B58} = {75C81597-8B53-450D-82BA-445BBBA77D10}
		{8EAB2BC7-F7FF-4199-94CB-05FB3A45A0A8} = {D5FDFE49-F245-4E56-95DA-64D0FF750423}
		{E7AFF75A-E417-4DFE-80E9-ADC1F988B066} = {2EE9B8A3-CCF2-4322-BACC-7E38151146C8}
		{E01FEEE7-8FEC-4A08-BD16-95E4060F8687} = {D5FDFE49-F245-4E56-95DA-64D0FF750423}
		{034E845B-4E0F-4E3D-84BC-3566B9382119} = {302C020C-1FAB-4814-99C9-60FE958B069F}
		{042C0BFA-538B-4F9F-BBCB-BDFAF218A021} = {302C020C-1FAB-4814-99C9-60FE958B069F}
		{C7B2394D-4A1D-4052-B50D-33554E5AF35A} = {2EE9B8A3-CCF2-4322-BACC-7E38151146C8}
		{382A9DC6-D932-4965-9697-A4916FC730E5} = {2EE9B8A3-CCF2-4322-BACC-7E38151146C8}
		{F5A5432D-2FDC-4FA0-ADD9-A43B28DCDFCC} = {D5FDFE49-F245-4E56-95DA-64D0FF750423}
		{1A9F52C4-5AC1-4306-9828-6087D08C1578} = {302C020C-1FAB-4814-99C9-60FE958B069F}
	EndGlobalSection
	GlobalSection(ExtensibilityGlobals) = postSolution
		SolutionGuid = {BA262253-6F3C-4B0D-8BB4-363E65DDC63E}
	EndGlobalSection
EndGlobal
